# THIS IS AN AUTOGENERATED FILE. DO NOT EDIT THIS FILE DIRECTLY.
# yarn lockfile v1


"@keyring/bsv@file:/Users/alex/dev/keyring/packages/bsv":
  version "0.2.1"
  resolved "file:packages/bsv"
  dependencies:
    "@keyring/chain" "^0.2.0"
    "@keyring/transaction" "^0.2.2"

"@keyring/chain@^0.2.0", "@keyring/chain@file:/Users/alex/dev/keyring/packages/chain":
  version "0.2.0"
  resolved "file:packages/chain"
  dependencies:
    "@keyring/util" "^0.2.0"
    ramda "^0.26.1"

"@keyring/plugin@^0.2.0", "@keyring/plugin@file:/Users/alex/dev/keyring/packages/plugin":
  version "0.2.0"
  resolved "file:packages/plugin"
  dependencies:
    "@keyring/util" "^0.2.0"

"@keyring/transaction@^0.2.2", "@keyring/transaction@file:/Users/alex/dev/keyring/packages/transaction":
  version "0.2.2"
  resolved "file:packages/transaction"
  dependencies:
    "@keyring/chain" "^0.2.0"
    "@keyring/plugin" "^0.2.0"
    "@keyring/util" "^0.2.0"
    ecc-tools "^1.0.14"

"@keyring/util@^0.2.0", "@keyring/util@file:/Users/alex/dev/keyring/packages/util":
  version "0.2.0"
  resolved "file:packages/util"
  dependencies:
    bn.js "^4.11.8"
    bs58check "^2.1.2"
    ramda "^0.26.1"

ansi-colors@3.2.3:
  version "3.2.3"
  resolved "https://registry.npmjs.org/ansi-colors/-/ansi-colors-3.2.3.tgz"

ansi-regex@^2.0.0:
  version "2.1.1"
  resolved "https://registry.npmjs.org/ansi-regex/-/ansi-regex-2.1.1.tgz"

ansi-regex@^3.0.0:
  version "3.0.0"
  resolved "https://registry.npmjs.org/ansi-regex/-/ansi-regex-3.0.0.tgz"

ansi-regex@^4.1.0:
  version "4.1.0"
  resolved "https://registry.npmjs.org/ansi-regex/-/ansi-regex-4.1.0.tgz"

ansi-styles@^3.2.1:
  version "3.2.1"
  resolved "https://registry.npmjs.org/ansi-styles/-/ansi-styles-3.2.1.tgz"
  dependencies:
    color-convert "^1.9.0"

argparse@^1.0.7:
  version "1.0.10"
  resolved "https://registry.npmjs.org/argparse/-/argparse-1.0.10.tgz"
  dependencies:
    sprintf-js "~1.0.2"

assertion-error@^1.1.0:
  version "1.1.0"
  resolved "https://registry.npmjs.org/assertion-error/-/assertion-error-1.1.0.tgz"

balanced-match@^1.0.0:
  version "1.0.0"
  resolved "https://registry.npmjs.org/balanced-match/-/balanced-match-1.0.0.tgz"

base-x@^3.0.2:
  version "3.0.5"
  resolved "https://registry.npmjs.org/base-x/-/base-x-3.0.5.tgz"
  dependencies:
    safe-buffer "^5.0.1"

bindings@^1.2.1:
  version "1.4.0"
  resolved "https://registry.npmjs.org/bindings/-/bindings-1.4.0.tgz"
  dependencies:
    file-uri-to-path "1.0.0"

bip66@^1.1.3:
  version "1.1.5"
  resolved "https://registry.npmjs.org/bip66/-/bip66-1.1.5.tgz"
  dependencies:
    safe-buffer "^5.0.1"

bn.js@^4.11.3, bn.js@^4.11.8, bn.js@^4.4.0:
  version "4.11.8"
  resolved "https://registry.npmjs.org/bn.js/-/bn.js-4.11.8.tgz"

brace-expansion@^1.1.7:
  version "1.1.11"
  resolved "https://registry.npmjs.org/brace-expansion/-/brace-expansion-1.1.11.tgz"
  dependencies:
    balanced-match "^1.0.0"
    concat-map "0.0.1"

brorand@^1.0.1:
  version "1.1.0"
  resolved "https://registry.npmjs.org/brorand/-/brorand-1.1.0.tgz"

browser-stdout@1.3.1:
  version "1.3.1"
  resolved "https://registry.npmjs.org/browser-stdout/-/browser-stdout-1.3.1.tgz"

browserify-aes@^1.0.6:
  version "1.2.0"
  resolved "https://registry.npmjs.org/browserify-aes/-/browserify-aes-1.2.0.tgz"
  dependencies:
    buffer-xor "^1.0.3"
    cipher-base "^1.0.0"
    create-hash "^1.1.0"
    evp_bytestokey "^1.0.3"
    inherits "^2.0.1"
    safe-buffer "^5.0.1"

bs58@^4.0.0, bs58@^4.0.1:
  version "4.0.1"
  resolved "https://registry.npmjs.org/bs58/-/bs58-4.0.1.tgz"
  dependencies:
    base-x "^3.0.2"

bs58check@^2.0.2, bs58check@^2.1.2:
  version "2.1.2"
  resolved "https://registry.npmjs.org/bs58check/-/bs58check-2.1.2.tgz"
  dependencies:
    bs58 "^4.0.0"
    create-hash "^1.1.0"
    safe-buffer "^5.1.2"

buffer-xor@^1.0.3:
  version "1.0.3"
  resolved "https://registry.npmjs.org/buffer-xor/-/buffer-xor-1.0.3.tgz"

camelcase@^5.0.0:
  version "5.3.1"
  resolved "https://registry.npmjs.org/camelcase/-/camelcase-5.3.1.tgz"
  integrity sha512-L28STB170nwWS63UjtlEOE3dldQApaJXZkOI1uMFfzf3rRuPegHaHesyee+YxQ+W6SvRDQV6UrdOdRiR153wJg==

chai-bignumber@^3.0.0:
  version "3.0.0"
  resolved "https://registry.npmjs.org/chai-bignumber/-/chai-bignumber-3.0.0.tgz"

chai@^4.2.0:
  version "4.2.0"
  resolved "https://registry.npmjs.org/chai/-/chai-4.2.0.tgz"
  dependencies:
    assertion-error "^1.1.0"
    check-error "^1.0.2"
    deep-eql "^3.0.1"
    get-func-name "^2.0.0"
    pathval "^1.1.0"
    type-detect "^4.0.5"

chalk@^2.0.1:
  version "2.4.2"
  resolved "https://registry.npmjs.org/chalk/-/chalk-2.4.2.tgz"
  dependencies:
    ansi-styles "^3.2.1"
    escape-string-regexp "^1.0.5"
    supports-color "^5.3.0"

check-error@^1.0.2:
  version "1.0.2"
  resolved "https://registry.npmjs.org/check-error/-/check-error-1.0.2.tgz"

cipher-base@^1.0.0, cipher-base@^1.0.1, cipher-base@^1.0.3:
  version "1.0.4"
  resolved "https://registry.npmjs.org/cipher-base/-/cipher-base-1.0.4.tgz"
  dependencies:
    inherits "^2.0.1"
    safe-buffer "^5.0.1"

cliui@^4.0.0:
  version "4.1.0"
  resolved "https://registry.npmjs.org/cliui/-/cliui-4.1.0.tgz"
  dependencies:
    string-width "^2.1.1"
    strip-ansi "^4.0.0"
    wrap-ansi "^2.0.0"

code-point-at@^1.0.0:
  version "1.1.0"
  resolved "https://registry.npmjs.org/code-point-at/-/code-point-at-1.1.0.tgz"

color-convert@^1.9.0:
  version "1.9.3"
  resolved "https://registry.npmjs.org/color-convert/-/color-convert-1.9.3.tgz"
  dependencies:
    color-name "1.1.3"

color-name@1.1.3:
  version "1.1.3"
  resolved "https://registry.npmjs.org/color-name/-/color-name-1.1.3.tgz"

commander@~2.20.3:
  version "2.20.3"
  resolved "https://registry.npmjs.org/commander/-/commander-2.20.3.tgz"

commander@2.15.1:
  version "2.15.1"
  resolved "https://registry.npmjs.org/commander/-/commander-2.15.1.tgz"

concat-map@0.0.1:
  version "0.0.1"
  resolved "https://registry.npmjs.org/concat-map/-/concat-map-0.0.1.tgz"

create-hash@^1.1.0, create-hash@^1.1.2:
  version "1.2.0"
  resolved "https://registry.npmjs.org/create-hash/-/create-hash-1.2.0.tgz"
  dependencies:
    cipher-base "^1.0.1"
    inherits "^2.0.1"
    md5.js "^1.3.4"
    ripemd160 "^2.0.1"
    sha.js "^2.4.0"

create-hmac@^1.1.4:
  version "1.1.7"
  resolved "https://registry.npmjs.org/create-hmac/-/create-hmac-1.1.7.tgz"
  dependencies:
    cipher-base "^1.0.3"
    create-hash "^1.1.0"
    inherits "^2.0.1"
    ripemd160 "^2.0.0"
    safe-buffer "^5.0.1"
    sha.js "^2.4.8"

cross-spawn@^6.0.0:
  version "6.0.5"
  resolved "https://registry.npmjs.org/cross-spawn/-/cross-spawn-6.0.5.tgz"
  dependencies:
    nice-try "^1.0.4"
    path-key "^2.0.1"
    semver "^5.5.0"
    shebang-command "^1.2.0"
    which "^1.2.9"

debug@3.1.0:
  version "3.1.0"
  resolved "https://registry.npmjs.org/debug/-/debug-3.1.0.tgz"
  integrity sha512-OX8XqP7/1a9cqkxYw2yXss15f26NKWBpDXQd0/uK/KPqdQhxbPa994hnzjcE2VqQpDslf55723cKPUOGSmMY3g==
  dependencies:
    ms "2.0.0"

debug@3.2.6:
  version "3.2.6"
  resolved "https://registry.npmjs.org/debug/-/debug-3.2.6.tgz"
  dependencies:
    ms "^2.1.1"

decamelize@^1.2.0:
  version "1.2.0"
  resolved "https://registry.npmjs.org/decamelize/-/decamelize-1.2.0.tgz"

deep-eql@^3.0.1:
  version "3.0.1"
  resolved "https://registry.npmjs.org/deep-eql/-/deep-eql-3.0.1.tgz"
  dependencies:
    type-detect "^4.0.0"

define-properties@^1.1.2:
  version "1.1.3"
  resolved "https://registry.npmjs.org/define-properties/-/define-properties-1.1.3.tgz"
  dependencies:
    object-keys "^1.0.12"

diff@3.5.0:
  version "3.5.0"
  resolved "https://registry.npmjs.org/diff/-/diff-3.5.0.tgz"

drbg.js@^1.0.1:
  version "1.0.1"
  resolved "https://registry.npmjs.org/drbg.js/-/drbg.js-1.0.1.tgz"
  dependencies:
    browserify-aes "^1.0.6"
    create-hash "^1.1.2"
    create-hmac "^1.1.4"

ecc-tools@^1.0.14:
  version "1.0.14"
  resolved "https://registry.npmjs.org/ecc-tools/-/ecc-tools-1.0.14.tgz"
  dependencies:
    bs58 "^4.0.1"
    bs58check "^2.0.2"
    es6-promise "^3.2.1"
    json-stable-stringify "^1.0.1"
    secp256k1 "^3.1.0"
    triplesec "^3.0.25"

elliptic@^6.2.3:
  version "6.4.1"
  resolved "https://registry.npmjs.org/elliptic/-/elliptic-6.4.1.tgz"
  dependencies:
    bn.js "^4.4.0"
    brorand "^1.0.1"
    hash.js "^1.0.0"
    hmac-drbg "^1.0.0"
    inherits "^2.0.1"
    minimalistic-assert "^1.0.0"
    minimalistic-crypto-utils "^1.0.0"

emoji-regex@^7.0.1:
  version "7.0.3"
  resolved "https://registry.npmjs.org/emoji-regex/-/emoji-regex-7.0.3.tgz"

end-of-stream@^1.1.0:
  version "1.4.1"
  resolved "https://registry.npmjs.org/end-of-stream/-/end-of-stream-1.4.1.tgz"
  dependencies:
    once "^1.4.0"

es-abstract@^1.5.1:
  version "1.13.0"
  resolved "https://registry.npmjs.org/es-abstract/-/es-abstract-1.13.0.tgz"
  dependencies:
    es-to-primitive "^1.2.0"
    function-bind "^1.1.1"
    has "^1.0.3"
    is-callable "^1.1.4"
    is-regex "^1.0.4"
    object-keys "^1.0.12"

es-to-primitive@^1.2.0:
  version "1.2.0"
  resolved "https://registry.npmjs.org/es-to-primitive/-/es-to-primitive-1.2.0.tgz"
  dependencies:
    is-callable "^1.1.4"
    is-date-object "^1.0.1"
    is-symbol "^1.0.2"

es6-promise@^3.2.1:
  version "3.3.1"
  resolved "https://registry.npmjs.org/es6-promise/-/es6-promise-3.3.1.tgz"

escape-string-regexp@^1.0.5, escape-string-regexp@1.0.5:
  version "1.0.5"
  resolved "https://registry.npmjs.org/escape-string-regexp/-/escape-string-regexp-1.0.5.tgz"

esprima@^4.0.0:
  version "4.0.1"
  resolved "https://registry.npmjs.org/esprima/-/esprima-4.0.1.tgz"

evp_bytestokey@^1.0.3:
  version "1.0.3"
  resolved "https://registry.npmjs.org/evp_bytestokey/-/evp_bytestokey-1.0.3.tgz"
  dependencies:
    md5.js "^1.3.4"
    safe-buffer "^5.1.1"

execa@^1.0.0:
  version "1.0.0"
  resolved "https://registry.npmjs.org/execa/-/execa-1.0.0.tgz"
  dependencies:
    cross-spawn "^6.0.0"
    get-stream "^4.0.0"
    is-stream "^1.1.0"
    npm-run-path "^2.0.0"
    p-finally "^1.0.0"
    signal-exit "^3.0.0"
    strip-eof "^1.0.0"

file-uri-to-path@1.0.0:
  version "1.0.0"
  resolved "https://registry.npmjs.org/file-uri-to-path/-/file-uri-to-path-1.0.0.tgz"

find-up@^3.0.0, find-up@3.0.0:
  version "3.0.0"
  resolved "https://registry.npmjs.org/find-up/-/find-up-3.0.0.tgz"
  dependencies:
    locate-path "^3.0.0"

flat@^4.1.0:
  version "4.1.0"
  resolved "https://registry.npmjs.org/flat/-/flat-4.1.0.tgz"
  dependencies:
    is-buffer "~2.0.3"

fs.realpath@^1.0.0:
  version "1.0.0"
  resolved "https://registry.npmjs.org/fs.realpath/-/fs.realpath-1.0.0.tgz"

function-bind@^1.1.1:
  version "1.1.2"
  resolved "https://registry.npmjs.org/function-bind/-/function-bind-1.1.2.tgz"
  integrity sha512-7XHNxH7qX9xG5mIwxkhumTox/MIRNcOgDrxWsMt2pAr23WHp6MrRlN7FBSFpCpr+oVO0F744iUgR82nJMfG2SA==

get-caller-file@^1.0.1:
  version "1.0.3"
  resolved "https://registry.npmjs.org/get-caller-file/-/get-caller-file-1.0.3.tgz"

get-caller-file@^2.0.1:
  version "2.0.5"
  resolved "https://registry.npmjs.org/get-caller-file/-/get-caller-file-2.0.5.tgz"

get-func-name@^2.0.0:
  version "2.0.0"
  resolved "https://registry.npmjs.org/get-func-name/-/get-func-name-2.0.0.tgz"

get-stream@^4.0.0:
  version "4.1.0"
  resolved "https://registry.npmjs.org/get-stream/-/get-stream-4.1.0.tgz"
  dependencies:
    pump "^3.0.0"

glob@7.1.2:
  version "7.1.2"
  resolved "https://registry.npmjs.org/glob/-/glob-7.1.2.tgz"
  dependencies:
    fs.realpath "^1.0.0"
    inflight "^1.0.4"
    inherits "2"
    minimatch "^3.0.4"
    once "^1.3.0"
    path-is-absolute "^1.0.0"

glob@7.1.3:
  version "7.1.3"
  resolved "https://registry.npmjs.org/glob/-/glob-7.1.3.tgz"
  dependencies:
    fs.realpath "^1.0.0"
    inflight "^1.0.4"
    inherits "2"
    minimatch "^3.0.4"
    once "^1.3.0"
    path-is-absolute "^1.0.0"

growl@1.10.5:
  version "1.10.5"
  resolved "https://registry.npmjs.org/growl/-/growl-1.10.5.tgz"

has-flag@^3.0.0:
  version "3.0.0"
  resolved "https://registry.npmjs.org/has-flag/-/has-flag-3.0.0.tgz"

has-symbols@^1.0.0:
  version "1.0.3"
  resolved "https://registry.npmjs.org/has-symbols/-/has-symbols-1.0.3.tgz"
  integrity sha512-l3LCuF6MgDNwTDKkdYGEihYjt5pRPbEg46rtlmnSPlUbgmB8LOIrKJbYYFBSbnPaJexMKtiPO8hmeRjRz2Td+A==

has@^1.0.1, has@^1.0.3:
  version "1.0.3"
  resolved "https://registry.npmjs.org/has/-/has-1.0.3.tgz"
  dependencies:
    function-bind "^1.1.1"

hash-base@^3.0.0:
  version "3.0.4"
  resolved "https://registry.npmjs.org/hash-base/-/hash-base-3.0.4.tgz"
  dependencies:
    inherits "^2.0.1"
    safe-buffer "^5.0.1"

hash.js@^1.0.0, hash.js@^1.0.3:
  version "1.1.7"
  resolved "https://registry.npmjs.org/hash.js/-/hash.js-1.1.7.tgz"
  dependencies:
    inherits "^2.0.3"
    minimalistic-assert "^1.0.1"

he@1.1.1:
  version "1.1.1"
  resolved "https://registry.npmjs.org/he/-/he-1.1.1.tgz"

he@1.2.0:
  version "1.2.0"
  resolved "https://registry.npmjs.org/he/-/he-1.2.0.tgz"

hmac-drbg@^1.0.0:
  version "1.0.1"
  resolved "https://registry.npmjs.org/hmac-drbg/-/hmac-drbg-1.0.1.tgz"
  dependencies:
    hash.js "^1.0.3"
    minimalistic-assert "^1.0.0"
    minimalistic-crypto-utils "^1.0.1"

iced-error@>=0.0.9:
  version "0.0.13"
  resolved "https://registry.npmjs.org/iced-error/-/iced-error-0.0.13.tgz"

iced-lock@^1.0.1:
  version "1.1.0"
  resolved "https://registry.npmjs.org/iced-lock/-/iced-lock-1.1.0.tgz"
  dependencies:
    iced-runtime "^1.0.0"

iced-runtime@^1.0.0, iced-runtime@^1.0.2, iced-runtime@>=0.0.1:
  version "1.0.3"
  resolved "https://registry.npmjs.org/iced-runtime/-/iced-runtime-1.0.3.tgz"

inflight@^1.0.4:
  version "1.0.6"
  resolved "https://registry.npmjs.org/inflight/-/inflight-1.0.6.tgz"
  dependencies:
    once "^1.3.0"
    wrappy "1"

inherits@^2.0.1, inherits@^2.0.3, inherits@2:
  version "2.0.4"
  resolved "https://registry.npmjs.org/inherits/-/inherits-2.0.4.tgz"

invert-kv@^2.0.0:
  version "2.0.0"
  resolved "https://registry.npmjs.org/invert-kv/-/invert-kv-2.0.0.tgz"

is-buffer@~2.0.3:
  version "2.0.3"
  resolved "https://registry.npmjs.org/is-buffer/-/is-buffer-2.0.3.tgz"

is-callable@^1.1.4:
  version "1.1.4"
  resolved "https://registry.npmjs.org/is-callable/-/is-callable-1.1.4.tgz"

is-date-object@^1.0.1:
  version "1.0.1"
  resolved "https://registry.npmjs.org/is-date-object/-/is-date-object-1.0.1.tgz"

is-fullwidth-code-point@^1.0.0:
  version "1.0.0"
  resolved "https://registry.npmjs.org/is-fullwidth-code-point/-/is-fullwidth-code-point-1.0.0.tgz"
  dependencies:
    number-is-nan "^1.0.0"

is-fullwidth-code-point@^2.0.0:
  version "2.0.0"
  resolved "https://registry.npmjs.org/is-fullwidth-code-point/-/is-fullwidth-code-point-2.0.0.tgz"

is-regex@^1.0.4:
  version "1.0.4"
  resolved "https://registry.npmjs.org/is-regex/-/is-regex-1.0.4.tgz"
  dependencies:
    has "^1.0.1"

is-stream@^1.1.0:
  version "1.1.0"
  resolved "https://registry.npmjs.org/is-stream/-/is-stream-1.1.0.tgz"

is-symbol@^1.0.2:
  version "1.0.2"
  resolved "https://registry.npmjs.org/is-symbol/-/is-symbol-1.0.2.tgz"
  dependencies:
    has-symbols "^1.0.0"

isexe@^2.0.0:
  version "2.0.0"
  resolved "https://registry.npmjs.org/isexe/-/isexe-2.0.0.tgz"

js-yaml@3.13.1:
  version "3.13.1"
  resolved "https://registry.npmjs.org/js-yaml/-/js-yaml-3.13.1.tgz"
  dependencies:
    argparse "^1.0.7"
    esprima "^4.0.0"

json-stable-stringify@^1.0.1:
  version "1.0.1"
  resolved "https://registry.npmjs.org/json-stable-stringify/-/json-stable-stringify-1.0.1.tgz"
  dependencies:
    jsonify "~0.0.0"

jsonify@~0.0.0:
  version "0.0.0"
  resolved "https://registry.npmjs.org/jsonify/-/jsonify-0.0.0.tgz"

lcid@^2.0.0:
  version "2.0.0"
  resolved "https://registry.npmjs.org/lcid/-/lcid-2.0.0.tgz"
  dependencies:
    invert-kv "^2.0.0"

locate-path@^3.0.0:
  version "3.0.0"
  resolved "https://registry.npmjs.org/locate-path/-/locate-path-3.0.0.tgz"
  dependencies:
    p-locate "^3.0.0"
    path-exists "^3.0.0"

lodash@^4.17.11:
  version "4.17.15"
  resolved "https://registry.npmjs.org/lodash/-/lodash-4.17.15.tgz"

log-symbols@2.2.0:
  version "2.2.0"
  resolved "https://registry.npmjs.org/log-symbols/-/log-symbols-2.2.0.tgz"
  dependencies:
    chalk "^2.0.1"

map-age-cleaner@^0.1.1:
  version "0.1.3"
  resolved "https://registry.npmjs.org/map-age-cleaner/-/map-age-cleaner-0.1.3.tgz"
  dependencies:
    p-defer "^1.0.0"

md5.js@^1.3.4:
  version "1.3.5"
  resolved "https://registry.npmjs.org/md5.js/-/md5.js-1.3.5.tgz"
  dependencies:
    hash-base "^3.0.0"
    inherits "^2.0.1"
    safe-buffer "^5.1.2"

mem@^4.0.0:
  version "4.1.0"
  resolved "https://registry.npmjs.org/mem/-/mem-4.1.0.tgz"
  dependencies:
    map-age-cleaner "^0.1.1"
    mimic-fn "^1.0.0"
    p-is-promise "^2.0.0"

mimic-fn@^1.0.0:
  version "1.2.0"
  resolved "https://registry.npmjs.org/mimic-fn/-/mimic-fn-1.2.0.tgz"

minimalistic-assert@^1.0.0, minimalistic-assert@^1.0.1:
  version "1.0.1"
  resolved "https://registry.npmjs.org/minimalistic-assert/-/minimalistic-assert-1.0.1.tgz"

minimalistic-crypto-utils@^1.0.0, minimalistic-crypto-utils@^1.0.1:
  version "1.0.1"
  resolved "https://registry.npmjs.org/minimalistic-crypto-utils/-/minimalistic-crypto-utils-1.0.1.tgz"

minimatch@^3.0.4, minimatch@3.0.4:
  version "3.0.4"
  resolved "https://registry.npmjs.org/minimatch/-/minimatch-3.0.4.tgz"
  dependencies:
    brace-expansion "^1.1.7"

minimist@0.0.8:
  version "0.0.8"
  resolved "https://registry.npmjs.org/minimist/-/minimist-0.0.8.tgz"

mkdirp@0.5.1:
  version "0.5.1"
  resolved "https://registry.npmjs.org/mkdirp/-/mkdirp-0.5.1.tgz"
  dependencies:
    minimist "0.0.8"

mocha@^5.2.0:
  version "5.2.0"
  resolved "https://registry.npmjs.org/mocha/-/mocha-5.2.0.tgz"
  dependencies:
    browser-stdout "1.3.1"
    commander "2.15.1"
    debug "3.1.0"
    diff "3.5.0"
    escape-string-regexp "1.0.5"
    glob "7.1.2"
    growl "1.10.5"
    he "1.1.1"
    minimatch "3.0.4"
    mkdirp "0.5.1"
    supports-color "5.4.0"

mocha@^6.1.4:
  version "6.1.4"
  resolved "https://registry.npmjs.org/mocha/-/mocha-6.1.4.tgz"
  dependencies:
    ansi-colors "3.2.3"
    browser-stdout "1.3.1"
    debug "3.2.6"
    diff "3.5.0"
    escape-string-regexp "1.0.5"
    find-up "3.0.0"
    glob "7.1.3"
    growl "1.10.5"
    he "1.2.0"
    js-yaml "3.13.1"
    log-symbols "2.2.0"
    minimatch "3.0.4"
    mkdirp "0.5.1"
    ms "2.1.1"
    node-environment-flags "1.0.5"
    object.assign "4.1.0"
    strip-json-comments "2.0.1"
    supports-color "6.0.0"
    which "1.3.1"
    wide-align "1.1.3"
    yargs "13.2.2"
    yargs-parser "13.0.0"
    yargs-unparser "1.5.0"

more-entropy@>=0.0.7:
  version "0.0.7"
  resolved "https://registry.npmjs.org/more-entropy/-/more-entropy-0.0.7.tgz"
  dependencies:
    iced-runtime ">=0.0.1"

ms@^2.1.1, ms@2.1.1:
  version "2.1.1"
  resolved "https://registry.npmjs.org/ms/-/ms-2.1.1.tgz"

ms@2.0.0:
  version "2.0.0"
  resolved "https://registry.npmjs.org/ms/-/ms-2.0.0.tgz"

nan@^2.2.1:
  version "2.12.1"
  resolved "https://registry.npmjs.org/nan/-/nan-2.12.1.tgz"

nice-try@^1.0.4:
  version "1.0.5"
  resolved "https://registry.npmjs.org/nice-try/-/nice-try-1.0.5.tgz"

node-environment-flags@1.0.5:
  version "1.0.5"
  resolved "https://registry.npmjs.org/node-environment-flags/-/node-environment-flags-1.0.5.tgz"
  dependencies:
    object.getownpropertydescriptors "^2.0.3"
    semver "^5.7.0"

npm-run-path@^2.0.0:
  version "2.0.2"
  resolved "https://registry.npmjs.org/npm-run-path/-/npm-run-path-2.0.2.tgz"
  dependencies:
    path-key "^2.0.0"

number-is-nan@^1.0.0:
  version "1.0.1"
  resolved "https://registry.npmjs.org/number-is-nan/-/number-is-nan-1.0.1.tgz"

object-keys@^1.0.11, object-keys@^1.0.12:
  version "1.1.1"
  resolved "https://registry.npmjs.org/object-keys/-/object-keys-1.1.1.tgz"

object.assign@4.1.0:
  version "4.1.0"
  resolved "https://registry.npmjs.org/object.assign/-/object.assign-4.1.0.tgz"
  dependencies:
    define-properties "^1.1.2"
    function-bind "^1.1.1"
    has-symbols "^1.0.0"
    object-keys "^1.0.11"

object.getownpropertydescriptors@^2.0.3:
  version "2.0.3"
  resolved "https://registry.npmjs.org/object.getownpropertydescriptors/-/object.getownpropertydescriptors-2.0.3.tgz"
  dependencies:
    define-properties "^1.1.2"
    es-abstract "^1.5.1"

once@^1.3.0, once@^1.3.1, once@^1.4.0:
  version "1.4.0"
  resolved "https://registry.npmjs.org/once/-/once-1.4.0.tgz"
  dependencies:
    wrappy "1"

os-locale@^3.0.0, os-locale@^3.1.0:
  version "3.1.0"
  resolved "https://registry.npmjs.org/os-locale/-/os-locale-3.1.0.tgz"
  dependencies:
    execa "^1.0.0"
    lcid "^2.0.0"
    mem "^4.0.0"

p-defer@^1.0.0:
  version "1.0.0"
  resolved "https://registry.npmjs.org/p-defer/-/p-defer-1.0.0.tgz"

p-finally@^1.0.0:
  version "1.0.0"
  resolved "https://registry.npmjs.org/p-finally/-/p-finally-1.0.0.tgz"

p-is-promise@^2.0.0:
  version "2.0.0"
  resolved "https://registry.npmjs.org/p-is-promise/-/p-is-promise-2.0.0.tgz"

p-limit@^2.0.0:
  version "2.3.0"
  resolved "https://registry.npmjs.org/p-limit/-/p-limit-2.3.0.tgz"
  integrity sha512-//88mFWSJx8lxCzwdAABTJL2MyWB12+eIY7MDL2SqLmAkeKU9qxRvWuSyTjm3FUmpBEMuFfckAIqEaVGUDxb6w==
  dependencies:
    p-try "^2.0.0"

p-locate@^3.0.0:
  version "3.0.0"
  resolved "https://registry.npmjs.org/p-locate/-/p-locate-3.0.0.tgz"
  dependencies:
    p-limit "^2.0.0"

p-try@^2.0.0:
  version "2.0.0"
  resolved "https://registry.npmjs.org/p-try/-/p-try-2.0.0.tgz"

path-exists@^3.0.0:
  version "3.0.0"
  resolved "https://registry.npmjs.org/path-exists/-/path-exists-3.0.0.tgz"

path-is-absolute@^1.0.0:
  version "1.0.1"
  resolved "https://registry.npmjs.org/path-is-absolute/-/path-is-absolute-1.0.1.tgz"

path-key@^2.0.0, path-key@^2.0.1:
  version "2.0.1"
  resolved "https://registry.npmjs.org/path-key/-/path-key-2.0.1.tgz"

pathval@^1.1.0:
  version "1.1.0"
  resolved "https://registry.npmjs.org/pathval/-/pathval-1.1.0.tgz"

progress@~1.1.2:
  version "1.1.8"
  resolved "https://registry.npmjs.org/progress/-/progress-1.1.8.tgz"

pump@^3.0.0:
  version "3.0.0"
  resolved "https://registry.npmjs.org/pump/-/pump-3.0.0.tgz"
  dependencies:
    end-of-stream "^1.1.0"
    once "^1.3.1"

ramda@^0.26.1:
  version "0.26.1"
  resolved "https://registry.npmjs.org/ramda/-/ramda-0.26.1.tgz"

require-directory@^2.1.1:
  version "2.1.1"
  resolved "https://registry.npmjs.org/require-directory/-/require-directory-2.1.1.tgz"

require-main-filename@^1.0.1:
  version "1.0.1"
  resolved "https://registry.npmjs.org/require-main-filename/-/require-main-filename-1.0.1.tgz"

require-main-filename@^2.0.0:
  version "2.0.0"
  resolved "https://registry.npmjs.org/require-main-filename/-/require-main-filename-2.0.0.tgz"

ripemd160@^2.0.0, ripemd160@^2.0.1:
  version "2.0.2"
  resolved "https://registry.npmjs.org/ripemd160/-/ripemd160-2.0.2.tgz"
  dependencies:
    hash-base "^3.0.0"
    inherits "^2.0.1"

safe-buffer@^5.0.1, safe-buffer@^5.1.0, safe-buffer@^5.1.1, safe-buffer@^5.1.2:
  version "5.2.1"
  resolved "https://registry.npmjs.org/safe-buffer/-/safe-buffer-5.2.1.tgz"
  integrity sha512-rp3So07KcdmmKbGvgaNxQSJr7bGVSVk5S9Eq1F+ppbRo70+YeaDxkw5Dd8NPN+GD6bjnYm2VuPuCXmpuYvmCXQ==

secp256k1@^3.1.0:
  version "3.6.2"
  resolved "https://registry.npmjs.org/secp256k1/-/secp256k1-3.6.2.tgz"
  dependencies:
    bindings "^1.2.1"
    bip66 "^1.1.3"
    bn.js "^4.11.3"
    create-hash "^1.1.2"
    drbg.js "^1.0.1"
    elliptic "^6.2.3"
    nan "^2.2.1"
    safe-buffer "^5.1.0"

semver@^5.5.0, semver@^5.7.0:
  version "5.7.0"
  resolved "https://registry.npmjs.org/semver/-/semver-5.7.0.tgz"

set-blocking@^2.0.0:
  version "2.0.0"
  resolved "https://registry.npmjs.org/set-blocking/-/set-blocking-2.0.0.tgz"

sha.js@^2.4.0, sha.js@^2.4.8:
  version "2.4.11"
  resolved "https://registry.npmjs.org/sha.js/-/sha.js-2.4.11.tgz"
  dependencies:
    inherits "^2.0.1"
    safe-buffer "^5.0.1"

shebang-command@^1.2.0:
  version "1.2.0"
  resolved "https://registry.npmjs.org/shebang-command/-/shebang-command-1.2.0.tgz"
  dependencies:
    shebang-regex "^1.0.0"

shebang-regex@^1.0.0:
  version "1.0.0"
  resolved "https://registry.npmjs.org/shebang-regex/-/shebang-regex-1.0.0.tgz"

signal-exit@^3.0.0:
  version "3.0.2"
  resolved "https://registry.npmjs.org/signal-exit/-/signal-exit-3.0.2.tgz"

source-map@~0.6.1:
  version "0.6.1"
  resolved "https://registry.npmjs.org/source-map/-/source-map-0.6.1.tgz"

sprintf-js@~1.0.2:
  version "1.0.3"
  resolved "https://registry.npmjs.org/sprintf-js/-/sprintf-js-1.0.3.tgz"

string-width@^1.0.1:
  version "1.0.2"
  resolved "https://registry.npmjs.org/string-width/-/string-width-1.0.2.tgz"
  dependencies:
    code-point-at "^1.0.0"
    is-fullwidth-code-point "^1.0.0"
    strip-ansi "^3.0.0"

"string-width@^1.0.2 || 2", string-width@^2.0.0, string-width@^2.1.1:
  version "2.1.1"
  resolved "https://registry.npmjs.org/string-width/-/string-width-2.1.1.tgz"
  dependencies:
    is-fullwidth-code-point "^2.0.0"
    strip-ansi "^4.0.0"

string-width@^3.0.0:
  version "3.1.0"
  resolved "https://registry.npmjs.org/string-width/-/string-width-3.1.0.tgz"
  dependencies:
    emoji-regex "^7.0.1"
    is-fullwidth-code-point "^2.0.0"
    strip-ansi "^5.1.0"

strip-ansi@^3.0.0, strip-ansi@^3.0.1:
  version "3.0.1"
  resolved "https://registry.npmjs.org/strip-ansi/-/strip-ansi-3.0.1.tgz"
  dependencies:
    ansi-regex "^2.0.0"

strip-ansi@^4.0.0:
  version "4.0.0"
  resolved "https://registry.npmjs.org/strip-ansi/-/strip-ansi-4.0.0.tgz"
  dependencies:
    ansi-regex "^3.0.0"

strip-ansi@^5.1.0:
  version "5.2.0"
  resolved "https://registry.npmjs.org/strip-ansi/-/strip-ansi-5.2.0.tgz"
  dependencies:
    ansi-regex "^4.1.0"

strip-eof@^1.0.0:
  version "1.0.0"
  resolved "https://registry.npmjs.org/strip-eof/-/strip-eof-1.0.0.tgz"

strip-json-comments@2.0.1:
  version "2.0.1"
  resolved "https://registry.npmjs.org/strip-json-comments/-/strip-json-comments-2.0.1.tgz"

supports-color@^5.3.0:
  version "5.5.0"
  resolved "https://registry.npmjs.org/supports-color/-/supports-color-5.5.0.tgz"
  dependencies:
    has-flag "^3.0.0"

supports-color@5.4.0:
  version "5.4.0"
  resolved "https://registry.npmjs.org/supports-color/-/supports-color-5.4.0.tgz"
  dependencies:
    has-flag "^3.0.0"

supports-color@6.0.0:
  version "6.0.0"
  resolved "https://registry.npmjs.org/supports-color/-/supports-color-6.0.0.tgz"
  dependencies:
    has-flag "^3.0.0"

triplesec@^3.0.25:
  version "3.0.27"
  resolved "https://registry.npmjs.org/triplesec/-/triplesec-3.0.27.tgz"
  dependencies:
    iced-error ">=0.0.9"
    iced-lock "^1.0.1"
    iced-runtime "^1.0.2"
    more-entropy ">=0.0.7"
    progress "~1.1.2"
    uglify-js "^3.1.9"

type-detect@^4.0.0, type-detect@^4.0.5:
  version "4.0.8"
  resolved "https://registry.npmjs.org/type-detect/-/type-detect-4.0.8.tgz"

uglify-js@^3.1.9:
  version "3.7.3"
  resolved "https://registry.npmjs.org/uglify-js/-/uglify-js-3.7.3.tgz"
  dependencies:
    commander "~2.20.3"
    source-map "~0.6.1"

which-module@^2.0.0:
  version "2.0.0"
  resolved "https://registry.npmjs.org/which-module/-/which-module-2.0.0.tgz"

which@^1.2.9, which@1.3.1:
  version "1.3.1"
  resolved "https://registry.npmjs.org/which/-/which-1.3.1.tgz"
  dependencies:
    isexe "^2.0.0"

wide-align@1.1.3:
  version "1.1.3"
  resolved "https://registry.npmjs.org/wide-align/-/wide-align-1.1.3.tgz"
  dependencies:
    string-width "^1.0.2 || 2"

wrap-ansi@^2.0.0:
  version "2.1.0"
  resolved "https://registry.npmjs.org/wrap-ansi/-/wrap-ansi-2.1.0.tgz"
  dependencies:
    string-width "^1.0.1"
    strip-ansi "^3.0.1"

wrappy@1:
  version "1.0.2"
  resolved "https://registry.npmjs.org/wrappy/-/wrappy-1.0.2.tgz"

"y18n@^3.2.1 || ^4.0.0", y18n@^4.0.0:
  version "4.0.0"
  resolved "https://registry.npmjs.org/y18n/-/y18n-4.0.0.tgz"

yargs-parser@^11.1.1:
  version "11.1.1"
  resolved "https://registry.npmjs.org/yargs-parser/-/yargs-parser-11.1.1.tgz"
  dependencies:
    camelcase "^5.0.0"
    decamelize "^1.2.0"

yargs-parser@^13.0.0, yargs-parser@13.0.0:
  version "13.0.0"
  resolved "https://registry.npmjs.org/yargs-parser/-/yargs-parser-13.0.0.tgz"
  dependencies:
    camelcase "^5.0.0"
    decamelize "^1.2.0"

yargs-unparser@1.5.0:
  version "1.5.0"
  resolved "https://registry.npmjs.org/yargs-unparser/-/yargs-unparser-1.5.0.tgz"
  dependencies:
    flat "^4.1.0"
    lodash "^4.17.11"
    yargs "^12.0.5"

yargs@^12.0.5:
  version "12.0.5"
  resolved "https://registry.npmjs.org/yargs/-/yargs-12.0.5.tgz"
  dependencies:
    cliui "^4.0.0"
    decamelize "^1.2.0"
    find-up "^3.0.0"
    get-caller-file "^1.0.1"
    os-locale "^3.0.0"
    require-directory "^2.1.1"
    require-main-filename "^1.0.1"
    set-blocking "^2.0.0"
    string-width "^2.0.0"
    which-module "^2.0.0"
    y18n "^3.2.1 || ^4.0.0"
    yargs-parser "^11.1.1"

yargs@13.2.2:
  version "13.2.2"
  resolved "https://registry.npmjs.org/yargs/-/yargs-13.2.2.tgz"
  dependencies:
    cliui "^4.0.0"
    find-up "^3.0.0"
    get-caller-file "^2.0.1"
    os-locale "^3.1.0"
    require-directory "^2.1.1"
    require-main-filename "^2.0.0"
    set-blocking "^2.0.0"
    string-width "^3.0.0"
    which-module "^2.0.0"
    y18n "^4.0.0"
    yargs-parser "^13.0.0"
